
Microsoft Visual Studio Solution File, Format Version 12.00
# Visual Studio 15
VisualStudioVersion = 15.0.28307.572
MinimumVisualStudioVersion = 10.0.40219.1
Project("{2150E333-8FDC-42A3-9474-1A3956D46DE8}") = "BonSDK", "BonSDK", "{0992BA15-108C-43C7-BB65-DA5213389908}"
EndProject
Project("{2150E333-8FDC-42A3-9474-1A3956D46DE8}") = "Include", "Include", "{61160100-9DA5-4461-B93A-008563C99931}"
	ProjectSection(SolutionItems) = preProject
		BonSDK\Include\BonBaseIf.h = BonSDK\Include\BonBaseIf.h
		BonSDK\Include\BonBaseLib.h = BonSDK\Include\BonBaseLib.h
		BonSDK\Include\BonConfigIf.h = BonSDK\Include\BonConfigIf.h
		BonSDK\Include\BonDebug.h = BonSDK\Include\BonDebug.h
		BonSDK\Include\BonGlobal.h = BonSDK\Include\BonGlobal.h
		BonSDK\Include\BonGuid.h = BonSDK\Include\BonGuid.h
		BonSDK\Include\BonHalIf.h = BonSDK\Include\BonHalIf.h
		BonSDK\Include\BonMacro.h = BonSDK\Include\BonMacro.h
		BonSDK\Include\BonMediaIf.h = BonSDK\Include\BonMediaIf.h
		BonSDK\Include\BonObject.h = BonSDK\Include\BonObject.h
		BonSDK\Include\BonSDK.h = BonSDK\Include\BonSDK.h
		BonSDK\Include\IoObjectIf.h = BonSDK\Include\IoObjectIf.h
		BonSDK\Include\MediaBase.h = BonSDK\Include\MediaBase.h
		BonSDK\Include\MediaDecoderIf.h = BonSDK\Include\MediaDecoderIf.h
		BonSDK\Include\ModCatalogBase.h = BonSDK\Include\ModCatalogBase.h
		BonSDK\Include\SmartThread.h = BonSDK\Include\SmartThread.h
		BonSDK\Include\SyncObject.h = BonSDK\Include\SyncObject.h
		BonSDK\Include\TsDataEncode.h = BonSDK\Include\TsDataEncode.h
		BonSDK\Include\TsDescriptorIf.h = BonSDK\Include\TsDescriptorIf.h
		BonSDK\Include\TsEpgIf.h = BonSDK\Include\TsEpgIf.h
		BonSDK\Include\TsStreamIf.h = BonSDK\Include\TsStreamIf.h
		BonSDK\Include\TsTableIf.h = BonSDK\Include\TsTableIf.h
	EndProjectSection
EndProject
Project("{2150E333-8FDC-42A3-9474-1A3956D46DE8}") = "Lib", "Lib", "{7F06B384-4B2A-433C-9007-02F1FECFA63F}"
EndProject
Project("{2150E333-8FDC-42A3-9474-1A3956D46DE8}") = "Debug", "Debug", "{A9A74156-5D32-48D9-90CD-D7F2026CC9E1}"
	ProjectSection(SolutionItems) = preProject
		BonSDK\Lib\Debug\BonBaseLib.lib = BonSDK\Lib\Debug\BonBaseLib.lib
		BonSDK\Lib\Debug\BonCoreEngine.lib = BonSDK\Lib\Debug\BonCoreEngine.lib
	EndProjectSection
EndProject
Project("{2150E333-8FDC-42A3-9474-1A3956D46DE8}") = "Release", "Release", "{19ECE097-8A71-4DAB-8856-540B2630D88D}"
	ProjectSection(SolutionItems) = preProject
		BonSDK\Lib\Release\BonBaseLib.lib = BonSDK\Lib\Release\BonBaseLib.lib
		BonSDK\Lib\Release\BonCoreEngine.lib = BonSDK\Lib\Release\BonCoreEngine.lib
	EndProjectSection
EndProject
Project("{8BC9CEB8-8B4A-11D0-8D11-00A0C91BC942}") = "BonCasClient", "BonCasClient\BonCasClient.vcxproj", "{F4E7DFCA-1C20-4D24-9F66-959CD9D548C1}"
EndProject
Global
	GlobalSection(SolutionConfigurationPlatforms) = preSolution
		Debug|Win32 = Debug|Win32
		Debug|x64 = Debug|x64
		Release|Win32 = Release|Win32
		Release|x64 = Release|x64
	EndGlobalSection
	GlobalSection(ProjectConfigurationPlatforms) = postSolution
		{F4E7DFCA-1C20-4D24-9F66-959CD9D548C1}.Debug|Win32.ActiveCfg = Debug|Win32
		{F4E7DFCA-1C20-4D24-9F66-959CD9D548C1}.Debug|Win32.Build.0 = Debug|Win32
		{F4E7DFCA-1C20-4D24-9F66-959CD9D548C1}.Debug|x64.ActiveCfg = Debug|x64
		{F4E7DFCA-1C20-4D24-9F66-959CD9D548C1}.Debug|x64.Build.0 = Debug|x64
		{F4E7DFCA-1C20-4D24-9F66-959CD9D548C1}.Release|Win32.ActiveCfg = Release|Win32
		{F4E7DFCA-1C20-4D24-9F66-959CD9D548C1}.Release|Win32.Build.0 = Release|Win32
		{F4E7DFCA-1C20-4D24-9F66-959CD9D548C1}.Release|x64.ActiveCfg = Release|x64
		{F4E7DFCA-1C20-4D24-9F66-959CD9D548C1}.Release|x64.Build.0 = Release|x64
	EndGlobalSection
	GlobalSection(SolutionProperties) = preSolution
		HideSolutionNode = FALSE
	EndGlobalSection
	GlobalSection(NestedProjects) = preSolution
		{61160100-9DA5-4461-B93A-008563C99931} = {0992BA15-108C-43C7-BB65-DA5213389908}
		{7F06B384-4B2A-433C-9007-02F1FECFA63F} = {0992BA15-108C-43C7-BB65-DA5213389908}
		{A9A74156-5D32-48D9-90CD-D7F2026CC9E1} = {7F06B384-4B2A-433C-9007-02F1FECFA63F}
		{19ECE097-8A71-4DAB-8856-540B2630D88D} = {7F06B384-4B2A-433C-9007-02F1FECFA63F}
	EndGlobalSection
	GlobalSection(ExtensibilityGlobals) = postSolution
		SolutionGuid = {2F4C0AF6-F2BE-4A2E-9A45-361BAD90967F}
	EndGlobalSection
EndGlobal
